
Microsoft Visual Studio Solution File, Format Version 12.00
# Visual Studio 14
VisualStudioVersion = 14.0.23107.0
MinimumVisualStudioVersion = 10.0.40219.1
Project("{FAE04EC0-301F-11D3-BF4B-00C04F79EFBC}") = "BDSA2015.Lecture01.BankLibrary", "BDSA2015.Lecture01.BankLibrary\BDSA2015.Lecture01.BankLibrary.csproj", "{1691BFC5-4312-49AA-B1D4-3EA6B2393DC9}"
EndProject
Project("{FAE04EC0-301F-11D3-BF4B-00C04F79EFBC}") = "BDSA2015.Lecture01.BankLibrary.Tests", "BDSA2015.Lecture01.BankLibrary.Tests\BDSA2015.Lecture01.BankLibrary.Tests.csproj", "{A586065B-7D52-4849-9760-C3D10A36DA76}"
EndProject
Project("{FAE04EC0-301F-11D3-BF4B-00C04F79EFBC}") = "BDSA2015.Lecture01.StartApp", "BDSA2015.Lecture01.StartApp\BDSA2015.Lecture01.StartApp.csproj", "{07FB86D6-BD6E-40A5-BB70-D87DD45B4E37}"
EndProject
Project("{FAE04EC0-301F-11D3-BF4B-00C04F79EFBC}") = "BDSA2015.Lecture01.StartApp.Tests", "BDSA2015.Lecture01.StartApp.Tests\BDSA2015.Lecture01.StartApp.Tests.csproj", "{D751E59D-D1DF-44F3-88A4-A4518BDCF469}"
EndProject
Project("{FAE04EC0-301F-11D3-BF4B-00C04F79EFBC}") = "BDSA2015.Lecture02", "BDSA2015.Lecture02\BDSA2015.Lecture02.csproj", "{EC4CCC49-1763-49A1-B33E-C7E882B09120}"
EndProject
Project("{FAE04EC0-301F-11D3-BF4B-00C04F79EFBC}") = "BDSA2015.Lecture01", "BDSA2015.Lecture01\BDSA2015.Lecture01.csproj", "{2ED802F8-868C-4A4F-865E-D413F5A3202C}"
EndProject
Project("{FAE04EC0-301F-11D3-BF4B-00C04F79EFBC}") = "BDSA2015.Lecture02.Tests", "BDSA2015.Lecture02.Tests\BDSA2015.Lecture02.Tests.csproj", "{8500AFC3-EC59-4176-8044-205C465B9D25}"
EndProject
Project("{FAE04EC0-301F-11D3-BF4B-00C04F79EFBC}") = "BDSA2015.Lecture03", "BDSA2015.Lecture03\BDSA2015.Lecture03.csproj", "{8D29F052-CD02-4385-98D8-F1630976C85A}"
EndProject
Project("{FAE04EC0-301F-11D3-BF4B-00C04F79EFBC}") = "BDSA2015.Lecture04", "BDSA2015.Lecture04\BDSA2015.Lecture04.csproj", "{7DE2DD3C-8D36-4120-B92B-EFCFF1DDABD1}"
EndProject
Project("{FAE04EC0-301F-11D3-BF4B-00C04F79EFBC}") = "BDSA2015.Lecture04.Tests", "BDSA2015.Lecture04.Tests\BDSA2015.Lecture04.Tests.csproj", "{AEFBFB98-4AA6-4AB9-9767-4FC837D189B4}"
EndProject
Project("{FAE04EC0-301F-11D3-BF4B-00C04F79EFBC}") = "BDSA2015.Lecture05.DAL", "BDSA2015.Lecture05.DAL\BDSA2015.Lecture05.DAL.csproj", "{7B88B6CD-7EBE-435F-9AA3-E050112C31A6}"
EndProject
Project("{FAE04EC0-301F-11D3-BF4B-00C04F79EFBC}") = "BDSA2015.Lecture05.App", "BDSA2015.Lecture05.App\BDSA2015.Lecture05.App.csproj", "{4C3AAEEC-AC20-4986-A33E-2519A78D245A}"
EndProject
Project("{FAE04EC0-301F-11D3-BF4B-00C04F79EFBC}") = "BDSA2015.Lecture05", "BDSA2015.Lecture05\BDSA2015.Lecture05.csproj", "{F98DA37F-70BF-44CB-B1DA-B65F8A2C3950}"
EndProject
Project("{FAE04EC0-301F-11D3-BF4B-00C04F79EFBC}") = "BDSA2015.Lecture05.Tests", "BDSA2015.Lecture05.Tests\BDSA2015.Lecture05.Tests.csproj", "{86560D02-413B-4809-99F1-BBA2DCEA0BEA}"
EndProject
Project("{FAE04EC0-301F-11D3-BF4B-00C04F79EFBC}") = "BDSA2015.Lecture05.Entities", "BDSA2015.Lecture05.Entities\BDSA2015.Lecture05.Entities.csproj", "{7D0EADDC-F3B6-4652-A342-F958B172A1AA}"
EndProject
Project("{FAE04EC0-301F-11D3-BF4B-00C04F79EFBC}") = "BDSA2015.Lecture06", "BDSA2015.Lecture06\BDSA2015.Lecture06.csproj", "{C7F107C9-3901-4944-9A27-6D291676EFD4}"
EndProject
Project("{FAE04EC0-301F-11D3-BF4B-00C04F79EFBC}") = "BDSA2015.Lecture06.Debugging", "BDSA2015.Lecture06.Debugging\BDSA2015.Lecture06.Debugging.csproj", "{D485868E-C7D8-49F4-983A-6BB2E1BEA74A}"
EndProject
Project("{FAE04EC0-301F-11D3-BF4B-00C04F79EFBC}") = "BDSA2015.Lecture07", "BDSA2015.Lecture07\BDSA2015.Lecture07.csproj", "{BBC55B9B-FE7E-40BD-9A7C-611C786CCDAD}"
EndProject
Project("{FAE04EC0-301F-11D3-BF4B-00C04F79EFBC}") = "BDSA2015.Lecture07.Tests", "BDSA2015.Lecture07.Tests\BDSA2015.Lecture07.Tests.csproj", "{CE12B6F1-3964-4A42-B5AC-60BD17480A11}"
EndProject
Project("{FAE04EC0-301F-11D3-BF4B-00C04F79EFBC}") = "BDSA2015.Lecture07.AsyncUI", "BDSA2015.Lecture07.AsyncUI\BDSA2015.Lecture07.AsyncUI.csproj", "{71C1C950-8930-4AAA-9F76-C090A42F85C3}"
EndProject
Project("{FAE04EC0-301F-11D3-BF4B-00C04F79EFBC}") = "BDSA2015.Lecture07.AsyncRepository", "BDSA2015.Lecture07.AsyncRepository\BDSA2015.Lecture07.AsyncRepository.csproj", "{C398E2FC-35F1-4D3C-A4EC-ECE81B52BB01}"
EndProject
Global
	GlobalSection(SolutionConfigurationPlatforms) = preSolution
		Debug|Any CPU = Debug|Any CPU
		Release|Any CPU = Release|Any CPU
	EndGlobalSection
	GlobalSection(ProjectConfigurationPlatforms) = postSolution
		{1691BFC5-4312-49AA-B1D4-3EA6B2393DC9}.Debug|Any CPU.ActiveCfg = Debug|Any CPU
		{1691BFC5-4312-49AA-B1D4-3EA6B2393DC9}.Debug|Any CPU.Build.0 = Debug|Any CPU
		{1691BFC5-4312-49AA-B1D4-3EA6B2393DC9}.Release|Any CPU.ActiveCfg = Release|Any CPU
		{1691BFC5-4312-49AA-B1D4-3EA6B2393DC9}.Release|Any CPU.Build.0 = Release|Any CPU
		{A586065B-7D52-4849-9760-C3D10A36DA76}.Debug|Any CPU.ActiveCfg = Debug|Any CPU
		{A586065B-7D52-4849-9760-C3D10A36DA76}.Debug|Any CPU.Build.0 = Debug|Any CPU
		{A586065B-7D52-4849-9760-C3D10A36DA76}.Release|Any CPU.ActiveCfg = Release|Any CPU
		{A586065B-7D52-4849-9760-C3D10A36DA76}.Release|Any CPU.Build.0 = Release|Any CPU
		{07FB86D6-BD6E-40A5-BB70-D87DD45B4E37}.Debug|Any CPU.ActiveCfg = Debug|Any CPU
		{07FB86D6-BD6E-40A5-BB70-D87DD45B4E37}.Debug|Any CPU.Build.0 = Debug|Any CPU
		{07FB86D6-BD6E-40A5-BB70-D87DD45B4E37}.Release|Any CPU.ActiveCfg = Release|Any CPU
		{07FB86D6-BD6E-40A5-BB70-D87DD45B4E37}.Release|Any CPU.Build.0 = Release|Any CPU
		{D751E59D-D1DF-44F3-88A4-A4518BDCF469}.Debug|Any CPU.ActiveCfg = Debug|Any CPU
		{D751E59D-D1DF-44F3-88A4-A4518BDCF469}.Debug|Any CPU.Build.0 = Debug|Any CPU
		{D751E59D-D1DF-44F3-88A4-A4518BDCF469}.Release|Any CPU.ActiveCfg = Release|Any CPU
		{D751E59D-D1DF-44F3-88A4-A4518BDCF469}.Release|Any CPU.Build.0 = Release|Any CPU
		{EC4CCC49-1763-49A1-B33E-C7E882B09120}.Debug|Any CPU.ActiveCfg = Debug|Any CPU
		{EC4CCC49-1763-49A1-B33E-C7E882B09120}.Debug|Any CPU.Build.0 = Debug|Any CPU
		{EC4CCC49-1763-49A1-B33E-C7E882B09120}.Release|Any CPU.ActiveCfg = Release|Any CPU
		{EC4CCC49-1763-49A1-B33E-C7E882B09120}.Release|Any CPU.Build.0 = Release|Any CPU
		{2ED802F8-868C-4A4F-865E-D413F5A3202C}.Debug|Any CPU.ActiveCfg = Debug|Any CPU
		{2ED802F8-868C-4A4F-865E-D413F5A3202C}.Debug|Any CPU.Build.0 = Debug|Any CPU
		{2ED802F8-868C-4A4F-865E-D413F5A3202C}.Release|Any CPU.ActiveCfg = Release|Any CPU
		{2ED802F8-868C-4A4F-865E-D413F5A3202C}.Release|Any CPU.Build.0 = Release|Any CPU
		{8500AFC3-EC59-4176-8044-205C465B9D25}.Debug|Any CPU.ActiveCfg = Debug|Any CPU
		{8500AFC3-EC59-4176-8044-205C465B9D25}.Debug|Any CPU.Build.0 = Debug|Any CPU
		{8500AFC3-EC59-4176-8044-205C465B9D25}.Release|Any CPU.ActiveCfg = Release|Any CPU
		{8500AFC3-EC59-4176-8044-205C465B9D25}.Release|Any CPU.Build.0 = Release|Any CPU
		{8D29F052-CD02-4385-98D8-F1630976C85A}.Debug|Any CPU.ActiveCfg = Debug|Any CPU
		{8D29F052-CD02-4385-98D8-F1630976C85A}.Debug|Any CPU.Build.0 = Debug|Any CPU
		{8D29F052-CD02-4385-98D8-F1630976C85A}.Release|Any CPU.ActiveCfg = Release|Any CPU
		{8D29F052-CD02-4385-98D8-F1630976C85A}.Release|Any CPU.Build.0 = Release|Any CPU
		{7DE2DD3C-8D36-4120-B92B-EFCFF1DDABD1}.Debug|Any CPU.ActiveCfg = Debug|Any CPU
		{7DE2DD3C-8D36-4120-B92B-EFCFF1DDABD1}.Debug|Any CPU.Build.0 = Debug|Any CPU
		{7DE2DD3C-8D36-4120-B92B-EFCFF1DDABD1}.Release|Any CPU.ActiveCfg = Release|Any CPU
		{7DE2DD3C-8D36-4120-B92B-EFCFF1DDABD1}.Release|Any CPU.Build.0 = Release|Any CPU
		{AEFBFB98-4AA6-4AB9-9767-4FC837D189B4}.Debug|Any CPU.ActiveCfg = Debug|Any CPU
		{AEFBFB98-4AA6-4AB9-9767-4FC837D189B4}.Debug|Any CPU.Build.0 = Debug|Any CPU
		{AEFBFB98-4AA6-4AB9-9767-4FC837D189B4}.Release|Any CPU.ActiveCfg = Release|Any CPU
		{AEFBFB98-4AA6-4AB9-9767-4FC837D189B4}.Release|Any CPU.Build.0 = Release|Any CPU
		{7B88B6CD-7EBE-435F-9AA3-E050112C31A6}.Debug|Any CPU.ActiveCfg = Debug|Any CPU
		{7B88B6CD-7EBE-435F-9AA3-E050112C31A6}.Debug|Any CPU.Build.0 = Debug|Any CPU
		{7B88B6CD-7EBE-435F-9AA3-E050112C31A6}.Release|Any CPU.ActiveCfg = Release|Any CPU
		{7B88B6CD-7EBE-435F-9AA3-E050112C31A6}.Release|Any CPU.Build.0 = Release|Any CPU
		{4C3AAEEC-AC20-4986-A33E-2519A78D245A}.Debug|Any CPU.ActiveCfg = Debug|Any CPU
		{4C3AAEEC-AC20-4986-A33E-2519A78D245A}.Debug|Any CPU.Build.0 = Debug|Any CPU
		{4C3AAEEC-AC20-4986-A33E-2519A78D245A}.Release|Any CPU.ActiveCfg = Release|Any CPU
		{4C3AAEEC-AC20-4986-A33E-2519A78D245A}.Release|Any CPU.Build.0 = Release|Any CPU
		{F98DA37F-70BF-44CB-B1DA-B65F8A2C3950}.Debug|Any CPU.ActiveCfg = Debug|Any CPU
		{F98DA37F-70BF-44CB-B1DA-B65F8A2C3950}.Debug|Any CPU.Build.0 = Debug|Any CPU
		{F98DA37F-70BF-44CB-B1DA-B65F8A2C3950}.Release|Any CPU.ActiveCfg = Release|Any CPU
		{F98DA37F-70BF-44CB-B1DA-B65F8A2C3950}.Release|Any CPU.Build.0 = Release|Any CPU
		{86560D02-413B-4809-99F1-BBA2DCEA0BEA}.Debug|Any CPU.ActiveCfg = Debug|Any CPU
		{86560D02-413B-4809-99F1-BBA2DCEA0BEA}.Debug|Any CPU.Build.0 = Debug|Any CPU
		{86560D02-413B-4809-99F1-BBA2DCEA0BEA}.Release|Any CPU.ActiveCfg = Release|Any CPU
		{86560D02-413B-4809-99F1-BBA2DCEA0BEA}.Release|Any CPU.Build.0 = Release|Any CPU
		{7D0EADDC-F3B6-4652-A342-F958B172A1AA}.Debug|Any CPU.ActiveCfg = Debug|Any CPU
		{7D0EADDC-F3B6-4652-A342-F958B172A1AA}.Debug|Any CPU.Build.0 = Debug|Any CPU
		{7D0EADDC-F3B6-4652-A342-F958B172A1AA}.Release|Any CPU.ActiveCfg = Release|Any CPU
		{7D0EADDC-F3B6-4652-A342-F958B172A1AA}.Release|Any CPU.Build.0 = Release|Any CPU
		{C7F107C9-3901-4944-9A27-6D291676EFD4}.Debug|Any CPU.ActiveCfg = Debug|Any CPU
		{C7F107C9-3901-4944-9A27-6D291676EFD4}.Debug|Any CPU.Build.0 = Debug|Any CPU
		{C7F107C9-3901-4944-9A27-6D291676EFD4}.Release|Any CPU.ActiveCfg = Release|Any CPU
		{C7F107C9-3901-4944-9A27-6D291676EFD4}.Release|Any CPU.Build.0 = Release|Any CPU
		{D485868E-C7D8-49F4-983A-6BB2E1BEA74A}.Debug|Any CPU.ActiveCfg = Debug|Any CPU
		{D485868E-C7D8-49F4-983A-6BB2E1BEA74A}.Debug|Any CPU.Build.0 = Debug|Any CPU
		{D485868E-C7D8-49F4-983A-6BB2E1BEA74A}.Release|Any CPU.ActiveCfg = Release|Any CPU
		{D485868E-C7D8-49F4-983A-6BB2E1BEA74A}.Release|Any CPU.Build.0 = Release|Any CPU
		{BBC55B9B-FE7E-40BD-9A7C-611C786CCDAD}.Debug|Any CPU.ActiveCfg = Debug|Any CPU
		{BBC55B9B-FE7E-40BD-9A7C-611C786CCDAD}.Debug|Any CPU.Build.0 = Debug|Any CPU
		{BBC55B9B-FE7E-40BD-9A7C-611C786CCDAD}.Release|Any CPU.ActiveCfg = Release|Any CPU
		{BBC55B9B-FE7E-40BD-9A7C-611C786CCDAD}.Release|Any CPU.Build.0 = Release|Any CPU
		{CE12B6F1-3964-4A42-B5AC-60BD17480A11}.Debug|Any CPU.ActiveCfg = Debug|Any CPU
		{CE12B6F1-3964-4A42-B5AC-60BD17480A11}.Debug|Any CPU.Build.0 = Debug|Any CPU
		{CE12B6F1-3964-4A42-B5AC-60BD17480A11}.Release|Any CPU.ActiveCfg = Release|Any CPU
		{CE12B6F1-3964-4A42-B5AC-60BD17480A11}.Release|Any CPU.Build.0 = Release|Any CPU
		{71C1C950-8930-4AAA-9F76-C090A42F85C3}.Debug|Any CPU.ActiveCfg = Debug|Any CPU
		{71C1C950-8930-4AAA-9F76-C090A42F85C3}.Debug|Any CPU.Build.0 = Debug|Any CPU
		{71C1C950-8930-4AAA-9F76-C090A42F85C3}.Release|Any CPU.ActiveCfg = Release|Any CPU
		{71C1C950-8930-4AAA-9F76-C090A42F85C3}.Release|Any CPU.Build.0 = Release|Any CPU
		{C398E2FC-35F1-4D3C-A4EC-ECE81B52BB01}.Debug|Any CPU.ActiveCfg = Debug|Any CPU
		{C398E2FC-35F1-4D3C-A4EC-ECE81B52BB01}.Debug|Any CPU.Build.0 = Debug|Any CPU
		{C398E2FC-35F1-4D3C-A4EC-ECE81B52BB01}.Release|Any CPU.ActiveCfg = Release|Any CPU
		{C398E2FC-35F1-4D3C-A4EC-ECE81B52BB01}.Release|Any CPU.Build.0 = Release|Any CPU
	EndGlobalSection
	GlobalSection(SolutionProperties) = preSolution
		HideSolutionNode = FALSE
	EndGlobalSection
EndGlobal
